
Microsoft Visual Studio Solution File, Format Version 12.00
# Visual Studio Version 16
VisualStudioVersion = 16.0.29123.88
MinimumVisualStudioVersion = 10.0.40219.1
Project("{FAE04EC0-301F-11D3-BF4B-00C04F79EFBC}") = "SSController", "SSController\SSController.csproj", "{5FE59A33-64AB-4350-BE9E-701419BB5382}"
EndProject
Global
	GlobalSection(SolutionConfigurationPlatforms) = preSolution
		Debug|Any CPU = Debug|Any CPU
		Release|Any CPU = Release|Any CPU
	EndGlobalSection
	GlobalSection(ProjectConfigurationPlatforms) = postSolution
		{5FE59A33-64AB-4350-BE9E-701419BB5382}.Debug|Any CPU.ActiveCfg = Debug|Any CPU
		{5FE59A33-64AB-4350-BE9E-701419BB5382}.Debug|Any CPU.Build.0 = Debug|Any CPU
		{5FE59A33-64AB-4350-BE9E-701419BB5382}.Release|Any CPU.ActiveCfg = Release|Any CPU
		{5FE59A33-64AB-4350-BE9E-701419BB5382}.Release|Any CPU.Build.0 = Release|Any CPU
	EndGlobalSection
	GlobalSection(SolutionProperties) = preSolution
		HideSolutionNode = FALSE
	EndGlobalSection
	GlobalSection(ExtensibilityGlobals) = postSolution
		SolutionGuid = {49EEEE6D-BABB-4733-9A93-58D347AC52C1}
	EndGlobalSection
EndGlobal
